
Microsoft Visual Studio Solution File, Format Version 12.00
# Visual Studio Version 17
VisualStudioVersion = 17.0.31903.59
MinimumVisualStudioVersion = 10.0.40219.1
Project("{2150E333-8FDC-42A3-9474-1A3956D46DE8}") = "src", "src", "{827E0CD3-B72D-47B6-A68D-7590B98EB39B}"
EndProject
Project("{2150E333-8FDC-42A3-9474-1A3956D46DE8}") = "PoOmad.Api", "PoOmad.Api", "{BDE30CF7-EE30-EAC9-2B50-F4931787B050}"
EndProject
Project("{FAE04EC0-301F-11D3-BF4B-00C04F79EFBC}") = "PoOmad.Api", "src\PoOmad.Api\PoOmad.Api\PoOmad.Api.csproj", "{3101566B-E436-4015-A37B-6340A8DECA51}"
EndProject
Project("{2150E333-8FDC-42A3-9474-1A3956D46DE8}") = "PoOmad.Client", "PoOmad.Client", "{03DC4BB4-1B39-D262-B6B1-7C050A32E1EA}"
EndProject
Project("{FAE04EC0-301F-11D3-BF4B-00C04F79EFBC}") = "PoOmad.Client", "src\PoOmad.Client\PoOmad.Client\PoOmad.Client.csproj", "{34522E73-B6B2-47DC-B4D9-C44283C80C2A}"
EndProject
Project("{2150E333-8FDC-42A3-9474-1A3956D46DE8}") = "PoOmad.Shared", "PoOmad.Shared", "{3F3CA84A-7AD4-7089-B80D-8D207963C506}"
EndProject
Project("{FAE04EC0-301F-11D3-BF4B-00C04F79EFBC}") = "PoOmad.Shared", "src\PoOmad.Shared\PoOmad.Shared\PoOmad.Shared.csproj", "{59539535-56D0-43FE-B50D-99E76BB6D737}"
EndProject
Project("{2150E333-8FDC-42A3-9474-1A3956D46DE8}") = "tests", "tests", "{0AB3BF05-4346-4AA6-1389-037BE0695223}"
EndProject
Project("{2150E333-8FDC-42A3-9474-1A3956D46DE8}") = "PoOmad.Api.Tests", "PoOmad.Api.Tests", "{006FDC28-B9A8-3860-6B18-556755BEB104}"
EndProject
Project("{FAE04EC0-301F-11D3-BF4B-00C04F79EFBC}") = "PoOmad.Api.Tests", "tests\PoOmad.Api.Tests\PoOmad.Api.Tests\PoOmad.Api.Tests.csproj", "{7D81CB9D-E20A-494B-9039-B1452B05DB80}"
EndProject
Project("{2150E333-8FDC-42A3-9474-1A3956D46DE8}") = "PoOmad.Client.Tests", "PoOmad.Client.Tests", "{D9B0765F-521F-425D-013B-DD02474ECC9D}"
EndProject
Project("{FAE04EC0-301F-11D3-BF4B-00C04F79EFBC}") = "PoOmad.Client.Tests", "tests\PoOmad.Client.Tests\PoOmad.Client.Tests\PoOmad.Client.Tests.csproj", "{6708317C-726B-4267-AC9F-7B712DD915F8}"
EndProject
Global
	GlobalSection(SolutionConfigurationPlatforms) = preSolution
		Debug|Any CPU = Debug|Any CPU
		Debug|x64 = Debug|x64
		Debug|x86 = Debug|x86
		Release|Any CPU = Release|Any CPU
		Release|x64 = Release|x64
		Release|x86 = Release|x86
	EndGlobalSection
	GlobalSection(ProjectConfigurationPlatforms) = postSolution
		{3101566B-E436-4015-A37B-6340A8DECA51}.Debug|Any CPU.ActiveCfg = Debug|Any CPU
		{3101566B-E436-4015-A37B-6340A8DECA51}.Debug|Any CPU.Build.0 = Debug|Any CPU
		{3101566B-E436-4015-A37B-6340A8DECA51}.Debug|x64.ActiveCfg = Debug|Any CPU
		{3101566B-E436-4015-A37B-6340A8DECA51}.Debug|x64.Build.0 = Debug|Any CPU
		{3101566B-E436-4015-A37B-6340A8DECA51}.Debug|x86.ActiveCfg = Debug|Any CPU
		{3101566B-E436-4015-A37B-6340A8DECA51}.Debug|x86.Build.0 = Debug|Any CPU
		{3101566B-E436-4015-A37B-6340A8DECA51}.Release|Any CPU.ActiveCfg = Release|Any CPU
		{3101566B-E436-4015-A37B-6340A8DECA51}.Release|Any CPU.Build.0 = Release|Any CPU
		{3101566B-E436-4015-A37B-6340A8DECA51}.Release|x64.ActiveCfg = Release|Any CPU
		{3101566B-E436-4015-A37B-6340A8DECA51}.Release|x64.Build.0 = Release|Any CPU
		{3101566B-E436-4015-A37B-6340A8DECA51}.Release|x86.ActiveCfg = Release|Any CPU
		{3101566B-E436-4015-A37B-6340A8DECA51}.Release|x86.Build.0 = Release|Any CPU
		{34522E73-B6B2-47DC-B4D9-C44283C80C2A}.Debug|Any CPU.ActiveCfg = Debug|Any CPU
		{34522E73-B6B2-47DC-B4D9-C44283C80C2A}.Debug|Any CPU.Build.0 = Debug|Any CPU
		{34522E73-B6B2-47DC-B4D9-C44283C80C2A}.Debug|x64.ActiveCfg = Debug|Any CPU
		{34522E73-B6B2-47DC-B4D9-C44283C80C2A}.Debug|x64.Build.0 = Debug|Any CPU
		{34522E73-B6B2-47DC-B4D9-C44283C80C2A}.Debug|x86.ActiveCfg = Debug|Any CPU
		{34522E73-B6B2-47DC-B4D9-C44283C80C2A}.Debug|x86.Build.0 = Debug|Any CPU
		{34522E73-B6B2-47DC-B4D9-C44283C80C2A}.Release|Any CPU.ActiveCfg = Release|Any CPU
		{34522E73-B6B2-47DC-B4D9-C44283C80C2A}.Release|Any CPU.Build.0 = Release|Any CPU
		{34522E73-B6B2-47DC-B4D9-C44283C80C2A}.Release|x64.ActiveCfg = Release|Any CPU
		{34522E73-B6B2-47DC-B4D9-C44283C80C2A}.Release|x64.Build.0 = Release|Any CPU
		{34522E73-B6B2-47DC-B4D9-C44283C80C2A}.Release|x86.ActiveCfg = Release|Any CPU
		{34522E73-B6B2-47DC-B4D9-C44283C80C2A}.Release|x86.Build.0 = Release|Any CPU
		{59539535-56D0-43FE-B50D-99E76BB6D737}.Debug|Any CPU.ActiveCfg = Debug|Any CPU
		{59539535-56D0-43FE-B50D-99E76BB6D737}.Debug|Any CPU.Build.0 = Debug|Any CPU
		{59539535-56D0-43FE-B50D-99E76BB6D737}.Debug|x64.ActiveCfg = Debug|Any CPU
		{59539535-56D0-43FE-B50D-99E76BB6D737}.Debug|x64.Build.0 = Debug|Any CPU
		{59539535-56D0-43FE-B50D-99E76BB6D737}.Debug|x86.ActiveCfg = Debug|Any CPU
		{59539535-56D0-43FE-B50D-99E76BB6D737}.Debug|x86.Build.0 = Debug|Any CPU
		{59539535-56D0-43FE-B50D-99E76BB6D737}.Release|Any CPU.ActiveCfg = Release|Any CPU
		{59539535-56D0-43FE-B50D-99E76BB6D737}.Release|Any CPU.Build.0 = Release|Any CPU
		{59539535-56D0-43FE-B50D-99E76BB6D737}.Release|x64.ActiveCfg = Release|Any CPU
		{59539535-56D0-43FE-B50D-99E76BB6D737}.Release|x64.Build.0 = Release|Any CPU
		{59539535-56D0-43FE-B50D-99E76BB6D737}.Release|x86.ActiveCfg = Release|Any CPU
		{59539535-56D0-43FE-B50D-99E76BB6D737}.Release|x86.Build.0 = Release|Any CPU
		{7D81CB9D-E20A-494B-9039-B1452B05DB80}.Debug|Any CPU.ActiveCfg = Debug|Any CPU
		{7D81CB9D-E20A-494B-9039-B1452B05DB80}.Debug|Any CPU.Build.0 = Debug|Any CPU
		{7D81CB9D-E20A-494B-9039-B1452B05DB80}.Debug|x64.ActiveCfg = Debug|Any CPU
		{7D81CB9D-E20A-494B-9039-B1452B05DB80}.Debug|x64.Build.0 = Debug|Any CPU
		{7D81CB9D-E20A-494B-9039-B1452B05DB80}.Debug|x86.ActiveCfg = Debug|Any CPU
		{7D81CB9D-E20A-494B-9039-B1452B05DB80}.Debug|x86.Build.0 = Debug|Any CPU
		{7D81CB9D-E20A-494B-9039-B1452B05DB80}.Release|Any CPU.ActiveCfg = Release|Any CPU
		{7D81CB9D-E20A-494B-9039-B1452B05DB80}.Release|Any CPU.Build.0 = Release|Any CPU
		{7D81CB9D-E20A-494B-9039-B1452B05DB80}.Release|x64.ActiveCfg = Release|Any CPU
		{7D81CB9D-E20A-494B-9039-B1452B05DB80}.Release|x64.Build.0 = Release|Any CPU
		{7D81CB9D-E20A-494B-9039-B1452B05DB80}.Release|x86.ActiveCfg = Release|Any CPU
		{7D81CB9D-E20A-494B-9039-B1452B05DB80}.Release|x86.Build.0 = Release|Any CPU
		{6708317C-726B-4267-AC9F-7B712DD915F8}.Debug|Any CPU.ActiveCfg = Debug|Any CPU
		{6708317C-726B-4267-AC9F-7B712DD915F8}.Debug|Any CPU.Build.0 = Debug|Any CPU
		{6708317C-726B-4267-AC9F-7B712DD915F8}.Debug|x64.ActiveCfg = Debug|Any CPU
		{6708317C-726B-4267-AC9F-7B712DD915F8}.Debug|x64.Build.0 = Debug|Any CPU
		{6708317C-726B-4267-AC9F-7B712DD915F8}.Debug|x86.ActiveCfg = Debug|Any CPU
		{6708317C-726B-4267-AC9F-7B712DD915F8}.Debug|x86.Build.0 = Debug|Any CPU
		{6708317C-726B-4267-AC9F-7B712DD915F8}.Release|Any CPU.ActiveCfg = Release|Any CPU
		{6708317C-726B-4267-AC9F-7B712DD915F8}.Release|Any CPU.Build.0 = Release|Any CPU
		{6708317C-726B-4267-AC9F-7B712DD915F8}.Release|x64.ActiveCfg = Release|Any CPU
		{6708317C-726B-4267-AC9F-7B712DD915F8}.Release|x64.Build.0 = Release|Any CPU
		{6708317C-726B-4267-AC9F-7B712DD915F8}.Release|x86.ActiveCfg = Release|Any CPU
		{6708317C-726B-4267-AC9F-7B712DD915F8}.Release|x86.Build.0 = Release|Any CPU
	EndGlobalSection
	GlobalSection(SolutionProperties) = preSolution
		HideSolutionNode = FALSE
	EndGlobalSection
	GlobalSection(NestedProjects) = preSolution
		{BDE30CF7-EE30-EAC9-2B50-F4931787B050} = {827E0CD3-B72D-47B6-A68D-7590B98EB39B}
		{3101566B-E436-4015-A37B-6340A8DECA51} = {BDE30CF7-EE30-EAC9-2B50-F4931787B050}
		{03DC4BB4-1B39-D262-B6B1-7C050A32E1EA} = {827E0CD3-B72D-47B6-A68D-7590B98EB39B}
		{34522E73-B6B2-47DC-B4D9-C44283C80C2A} = {03DC4BB4-1B39-D262-B6B1-7C050A32E1EA}
		{3F3CA84A-7AD4-7089-B80D-8D207963C506} = {827E0CD3-B72D-47B6-A68D-7590B98EB39B}
		{59539535-56D0-43FE-B50D-99E76BB6D737} = {3F3CA84A-7AD4-7089-B80D-8D207963C506}
		{006FDC28-B9A8-3860-6B18-556755BEB104} = {0AB3BF05-4346-4AA6-1389-037BE0695223}
		{7D81CB9D-E20A-494B-9039-B1452B05DB80} = {006FDC28-B9A8-3860-6B18-556755BEB104}
		{D9B0765F-521F-425D-013B-DD02474ECC9D} = {0AB3BF05-4346-4AA6-1389-037BE0695223}
		{6708317C-726B-4267-AC9F-7B712DD915F8} = {D9B0765F-521F-425D-013B-DD02474ECC9D}
	EndGlobalSection
EndGlobal
